{
  "name": "jonathan-and-marissa",
  "version": "0.0.0",
  "lockfileVersion": 1,
  "requires": true,
  "dependencies": {
    "bootstrap": {
      "version": "3.3.7",
      "resolved": "https://registry.npmjs.org/bootstrap/-/bootstrap-3.3.7.tgz",
      "integrity": "sha1-WjiTlFSfIzMIdaOxUGVldPip63E=",
      "dev": true
    },
    "bootstrap-sass": {
      "version": "3.3.7",
      "resolved": "https://registry.npmjs.org/bootstrap-sass/-/bootstrap-sass-3.3.7.tgz",
      "integrity": "sha1-ZZbHq0D2Y3OTMjqwvIDQZPxjBJg=",
      "dev": true
    },
    "clipboard": {
      "version": "1.7.1",
      "resolved": "https://registry.npmjs.org/clipboard/-/clipboard-1.7.1.tgz",
      "integrity": "sha1-Ng1taUbpmnof7zleQrqStem1oWs=",
      "requires": {
        "good-listener": "1.2.2",
        "select": "1.1.2",
        "tiny-emitter": "2.0.2"
      }
    },
    "delegate": {
      "version": "3.1.3",
      "resolved": "https://registry.npmjs.org/delegate/-/delegate-3.1.3.tgz",
      "integrity": "sha1-moJRp3fXAl+qVXN7w7BxdCEnqf0="
    },
    "electric-base-components": {
      "version": "2.0.0-alpha.10",
      "resolved": "https://registry.npmjs.org/electric-base-components/-/electric-base-components-2.0.0-alpha.10.tgz",
      "integrity": "sha1-wC2OTxUKH602rblBF3UUszGS+Mc=",
      "dev": true,
      "requires": {
        "metal-affix": "2.0.0",
        "metal-ajax": "2.1.1",
        "metal-autocomplete": "2.1.0",
        "metal-clipboard": "2.0.0",
        "metal-reading-progress": "2.0.0",
        "metal-tabs": "2.3.1",
        "metal-toggler": "2.2.0",
        "metal-tooltip": "2.0.3"
      }
    },
    "electric-marble-components": {
      "version": "2.0.0-alpha.7",
      "resolved": "https://registry.npmjs.org/electric-marble-components/-/electric-marble-components-2.0.0-alpha.7.tgz",
      "integrity": "sha1-Upe0uthmrZWi3bDVj6+1qR3f0w4=",
      "dev": true,
      "requires": {
        "electric-base-components": "2.0.0-alpha.10"
      }
    },
    "good-listener": {
      "version": "1.2.2",
      "resolved": "https://registry.npmjs.org/good-listener/-/good-listener-1.2.2.tgz",
      "integrity": "sha1-1TswzfkxPf+33JoNR3CWqm0UXFA=",
      "requires": {
        "delegate": "3.1.3"
      }
    },
    "incremental-dom": {
      "version": "0.5.1",
      "resolved": "https://registry.npmjs.org/incremental-dom/-/incremental-dom-0.5.1.tgz",
      "integrity": "sha1-UvRTnD6e7nzREqbaBS+3Fi/vsMM=",
      "dev": true
    },
    "incremental-dom-string": {
      "version": "0.0.2",
      "resolved": "https://registry.npmjs.org/incremental-dom-string/-/incremental-dom-string-0.0.2.tgz",
      "integrity": "sha512-vh6cTsw+fQNljhNg3/iDuawNjk79CS1sEqucal1DJY+aco/Mgpi+xjkUFMED41f6nzu1V0ialfC84wcW9nqZ2w==",
      "dev": true
    },
    "marble": {
      "version": "2.7.11",
      "resolved": "https://registry.npmjs.org/marble/-/marble-2.7.11.tgz",
      "integrity": "sha1-EojUc9Dx4KclAgjJ4eEKRKpE29I=",
      "dev": true,
      "requires": {
        "bootstrap-sass": "3.3.7",
        "mathsass": "0.9.5"
      }
    },
    "mathsass": {
      "version": "0.9.5",
      "resolved": "https://registry.npmjs.org/mathsass/-/mathsass-0.9.5.tgz",
      "integrity": "sha1-pj6+AiFx6vguPVe18q09aH40ej4=",
      "dev": true
    },
    "metal": {
      "version": "2.13.2",
      "resolved": "https://registry.npmjs.org/metal/-/metal-2.13.2.tgz",
      "integrity": "sha512-DqETxwvyW5I/3blSlxrr1eleLaLHItK1VJcGIL6hAVqSlUpYw0r+RXd8qWfIq6TMdjCU3/x/oGmWZyk+O4SZJw==",
      "dev": true
    },
    "metal-affix": {
      "version": "2.0.0",
      "resolved": "https://registry.npmjs.org/metal-affix/-/metal-affix-2.0.0.tgz",
      "integrity": "sha1-FsTZFKYn0VIyoid2aRvyqxsM3jc=",
      "dev": true,
      "requires": {
        "metal": "2.13.2",
        "metal-dom": "2.13.2",
        "metal-events": "2.13.2",
        "metal-position": "2.1.1",
        "metal-state": "2.13.2"
      }
    },
    "metal-ajax": {
      "version": "2.1.1",
      "resolved": "https://registry.npmjs.org/metal-ajax/-/metal-ajax-2.1.1.tgz",
      "integrity": "sha512-r61ku32uivdaBd3joWrTiGV2kyG9Nvpt4gq4Npo/9MDWj2Tcm4xk2PZ7iKpIAF88JD4dwW+etjgK5Il3SzC9+g==",
      "dev": true,
      "requires": {
        "metal": "2.13.2",
        "metal-promise": "2.0.1",
        "metal-uri": "2.4.0"
      }
    },
    "metal-autocomplete": {
      "version": "2.1.0",
      "resolved": "https://registry.npmjs.org/metal-autocomplete/-/metal-autocomplete-2.1.0.tgz",
      "integrity": "sha1-G1BD6BFfUSnqmzlRGLSNn+WqyzA=",
      "dev": true,
      "requires": {
        "bootstrap": "3.3.7",
        "metal": "2.13.2",
        "metal-component": "2.16.5",
        "metal-debounce": "2.0.0",
        "metal-dom": "2.13.2",
        "metal-events": "2.13.2",
        "metal-list": "2.0.4",
        "metal-position": "2.1.1",
        "metal-promise": "2.0.1",
        "metal-soy": "2.16.5"
      }
    },
    "metal-clipboard": {
      "version": "2.0.0",
      "resolved": "https://registry.npmjs.org/metal-clipboard/-/metal-clipboard-2.0.0.tgz",
      "integrity": "sha1-wMmWova4H4QZfIbQ4iuBxmBe5fA=",
      "dev": true,
      "requires": {
        "metal": "2.13.2",
        "metal-dom": "2.13.2",
        "metal-state": "2.13.2"
      }
    },
    "metal-component": {
      "version": "2.16.5",
      "resolved": "https://registry.npmjs.org/metal-component/-/metal-component-2.16.5.tgz",
      "integrity": "sha512-EhHqzorQxiyewqjMZSHOoYbwpt0jK3w7mdQO6TG+7KlEGXfqD4sNHNHB7T+NsV7bjtuKwb9/Dg2YaJHWwjXVwA==",
      "dev": true,
      "requires": {
        "metal": "2.16.5",
        "metal-dom": "2.16.5",
        "metal-events": "2.16.5",
        "metal-state": "2.16.5"
      },
      "dependencies": {
        "metal": {
          "version": "2.16.5",
          "resolved": "https://registry.npmjs.org/metal/-/metal-2.16.5.tgz",
          "integrity": "sha512-SaBYtirwZrWUZMocLP9zFbywdGo4s7XU8aTAdOu7oR4x4jzTCFGCWQnaxF5I0AuH5PoSj/7+3LHZRLQGOioSZw==",
          "dev": true
        },
        "metal-dom": {
          "version": "2.16.5",
          "resolved": "https://registry.npmjs.org/metal-dom/-/metal-dom-2.16.5.tgz",
          "integrity": "sha512-PNAh5EBw0YN3fXd0Kvt1kWAOL0OAJDmgcXim1kDBaj0w5447Cztn+QxohbB3C6MRabqqO5Ozfm4OeBnZjXkslg==",
          "dev": true,
          "requires": {
            "metal": "2.16.5",
            "metal-events": "2.16.5"
          }
        },
        "metal-events": {
          "version": "2.16.5",
          "resolved": "https://registry.npmjs.org/metal-events/-/metal-events-2.16.5.tgz",
          "integrity": "sha512-XW8s1NSwsdZyhhcAhjKkvixQCt1uyz9CY0eIdwurRXIEtp5dRjHLBCPHgE6raRwS4OBji2JVTzQ0Vpby6xYMrA==",
          "dev": true,
          "requires": {
            "metal": "2.16.5"
          }
        },
        "metal-state": {
          "version": "2.16.5",
          "resolved": "https://registry.npmjs.org/metal-state/-/metal-state-2.16.5.tgz",
          "integrity": "sha512-dFns++2i7al2ZmxRuwynT0RiYDXsDOzpEwzQ1htBgAh+pGd7y1gZ8LQEtS/OSy2xM+ZM7YuKX5R3hiKRQfD+xg==",
          "dev": true,
          "requires": {
            "metal": "2.16.5",
            "metal-events": "2.16.5"
          }
        }
      }
    },
    "metal-debounce": {
      "version": "2.0.0",
      "resolved": "https://registry.npmjs.org/metal-debounce/-/metal-debounce-2.0.0.tgz",
      "integrity": "sha1-JM9lmo94hKWepDGeIQc0KT2U8K0=",
      "dev": true
    },
    "metal-dom": {
      "version": "2.13.2",
      "resolved": "https://registry.npmjs.org/metal-dom/-/metal-dom-2.13.2.tgz",
      "integrity": "sha512-RoqboMluZV9Sg4xcpgLV3/MVKP/NZyBfDCs4AcJ+6K8tusarF+AJ8AcMfU8Al7PB1AoYsIz6qNWZx/OG+xEoWA==",
      "dev": true,
      "requires": {
        "metal": "2.13.2",
        "metal-events": "2.13.2"
      }
    },
    "metal-events": {
      "version": "2.13.2",
      "resolved": "https://registry.npmjs.org/metal-events/-/metal-events-2.13.2.tgz",
      "integrity": "sha512-iEuqr5+T87Bq114wV/okNzwS25i/c4jqmIZ6IBLPFTD1Gxbk6qEiklnWf7Z2iVbqPYOz+2LgL130Nt2U4eb9tA==",
      "dev": true,
      "requires": {
        "metal": "2.13.2"
      }
    },
    "metal-incremental-dom": {
      "version": "2.16.5",
      "resolved": "https://registry.npmjs.org/metal-incremental-dom/-/metal-incremental-dom-2.16.5.tgz",
      "integrity": "sha512-y272iUF3vZear5OAsxJacPVosPAggDNCd2vhcErPAgQZmJ8voIHa+F2B0a8wFhtvMT5J+/cNtyy6deTWxeXqJA==",
      "dev": true,
      "requires": {
        "incremental-dom": "0.5.1",
        "incremental-dom-string": "0.0.2",
        "metal": "2.16.5",
        "metal-component": "2.16.5",
        "metal-dom": "2.16.5"
      },
      "dependencies": {
        "metal": {
          "version": "2.16.5",
          "resolved": "https://registry.npmjs.org/metal/-/metal-2.16.5.tgz",
          "integrity": "sha512-SaBYtirwZrWUZMocLP9zFbywdGo4s7XU8aTAdOu7oR4x4jzTCFGCWQnaxF5I0AuH5PoSj/7+3LHZRLQGOioSZw==",
          "dev": true
        },
        "metal-dom": {
          "version": "2.16.5",
          "resolved": "https://registry.npmjs.org/metal-dom/-/metal-dom-2.16.5.tgz",
          "integrity": "sha512-PNAh5EBw0YN3fXd0Kvt1kWAOL0OAJDmgcXim1kDBaj0w5447Cztn+QxohbB3C6MRabqqO5Ozfm4OeBnZjXkslg==",
          "dev": true,
          "requires": {
            "metal": "2.16.5",
            "metal-events": "2.16.5"
          }
        },
        "metal-events": {
          "version": "2.16.5",
          "resolved": "https://registry.npmjs.org/metal-events/-/metal-events-2.16.5.tgz",
          "integrity": "sha512-XW8s1NSwsdZyhhcAhjKkvixQCt1uyz9CY0eIdwurRXIEtp5dRjHLBCPHgE6raRwS4OBji2JVTzQ0Vpby6xYMrA==",
          "dev": true,
          "requires": {
            "metal": "2.16.5"
          }
        }
      }
    },
    "metal-keyboard-focus": {
      "version": "2.0.1",
      "resolved": "https://registry.npmjs.org/metal-keyboard-focus/-/metal-keyboard-focus-2.0.1.tgz",
      "integrity": "sha1-MjcExH2TtkD61ZmsZaDo3uWlBF8=",
      "dev": true,
      "requires": {
        "metal": "2.13.2",
        "metal-events": "2.13.2"
      }
    },
    "metal-list": {
      "version": "2.0.4",
      "resolved": "https://registry.npmjs.org/metal-list/-/metal-list-2.0.4.tgz",
      "integrity": "sha1-A4cIoyfMOkzuAahwgG6Ls0DToQI=",
      "dev": true,
      "requires": {
        "bootstrap": "3.3.7",
        "metal": "2.13.2",
        "metal-component": "2.16.5",
        "metal-dom": "2.13.2",
        "metal-soy": "2.16.5"
      }
    },
    "metal-position": {
      "version": "2.1.1",
      "resolved": "https://registry.npmjs.org/metal-position/-/metal-position-2.1.1.tgz",
      "integrity": "sha512-qZO7aDePMF0yYDqab7SpLc+OncV0nTuqgVV5n1VEG1dDbRnkqrBoSxr9L1fK8lyvjFZXlZ1FrFxkRqOrsc+zdw==",
      "dev": true,
      "requires": {
        "metal": "2.13.2",
        "metal-dom": "2.13.2"
      }
    },
    "metal-promise": {
      "version": "2.0.1",
      "resolved": "https://registry.npmjs.org/metal-promise/-/metal-promise-2.0.1.tgz",
      "integrity": "sha1-KP9DIQ5MaeX/9R2/IB5K4v5vg9U=",
      "dev": true,
      "requires": {
        "metal": "2.13.2"
      }
    },
    "metal-reading-progress": {
      "version": "2.0.0",
      "resolved": "https://registry.npmjs.org/metal-reading-progress/-/metal-reading-progress-2.0.0.tgz",
      "integrity": "sha1-Kr93KnxznWJ5uQy5PeWC+lW5SA4=",
      "dev": true,
      "requires": {
        "metal-scrollspy": "2.1.0",
        "metal-soy": "2.16.5"
      }
    },
    "metal-scrollspy": {
      "version": "2.1.0",
      "resolved": "https://registry.npmjs.org/metal-scrollspy/-/metal-scrollspy-2.1.0.tgz",
      "integrity": "sha512-Hy3WVeqUGnkDEiRdYIe0xadQ9uCbT0z+L28vkW/1KI+rERRfO6Z9FChGYklQPHAAvY8d/AQKmm964z6eECiotA==",
      "dev": true,
      "requires": {
        "bootstrap": "3.3.7",
        "metal": "2.13.2",
        "metal-dom": "2.13.2",
        "metal-position": "2.1.1",
        "metal-state": "2.13.2"
      }
    },
    "metal-soy": {
      "version": "2.16.5",
      "resolved": "https://registry.npmjs.org/metal-soy/-/metal-soy-2.16.5.tgz",
      "integrity": "sha512-ms0qRH05v7GodTHfhCVEqjiPHOwpvxRIdJkEJ1D+jl3PnyKThJuj3JJRpPlu6jG0WhcfiWHni5wlLx8RmiOZhg==",
      "dev": true,
      "requires": {
        "metal": "2.16.5",
        "metal-component": "2.16.5",
        "metal-dom": "2.16.5",
        "metal-incremental-dom": "2.16.5",
        "metal-soy-bundle": "2.16.5",
        "metal-state": "2.16.5"
      },
      "dependencies": {
        "metal": {
          "version": "2.16.5",
          "resolved": "https://registry.npmjs.org/metal/-/metal-2.16.5.tgz",
          "integrity": "sha512-SaBYtirwZrWUZMocLP9zFbywdGo4s7XU8aTAdOu7oR4x4jzTCFGCWQnaxF5I0AuH5PoSj/7+3LHZRLQGOioSZw==",
          "dev": true
        },
        "metal-dom": {
          "version": "2.16.5",
          "resolved": "https://registry.npmjs.org/metal-dom/-/metal-dom-2.16.5.tgz",
          "integrity": "sha512-PNAh5EBw0YN3fXd0Kvt1kWAOL0OAJDmgcXim1kDBaj0w5447Cztn+QxohbB3C6MRabqqO5Ozfm4OeBnZjXkslg==",
          "dev": true,
          "requires": {
            "metal": "2.16.5",
            "metal-events": "2.16.5"
          }
        },
        "metal-events": {
          "version": "2.16.5",
          "resolved": "https://registry.npmjs.org/metal-events/-/metal-events-2.16.5.tgz",
          "integrity": "sha512-XW8s1NSwsdZyhhcAhjKkvixQCt1uyz9CY0eIdwurRXIEtp5dRjHLBCPHgE6raRwS4OBji2JVTzQ0Vpby6xYMrA==",
          "dev": true,
          "requires": {
            "metal": "2.16.5"
          }
        },
        "metal-state": {
          "version": "2.16.5",
          "resolved": "https://registry.npmjs.org/metal-state/-/metal-state-2.16.5.tgz",
          "integrity": "sha512-dFns++2i7al2ZmxRuwynT0RiYDXsDOzpEwzQ1htBgAh+pGd7y1gZ8LQEtS/OSy2xM+ZM7YuKX5R3hiKRQfD+xg==",
          "dev": true,
          "requires": {
            "metal": "2.16.5",
            "metal-events": "2.16.5"
          }
        }
      }
    },
    "metal-soy-bundle": {
      "version": "2.16.5",
      "resolved": "https://registry.npmjs.org/metal-soy-bundle/-/metal-soy-bundle-2.16.5.tgz",
      "integrity": "sha512-TIP6rO1/GRBjG33k1L/TFufyNmoWTrk6N8I5DjHT30i7uB0ckrGUDm1t9a7+7+tSLNIHGlEery4NLYO800sYpg==",
      "dev": true,
      "requires": {
        "metal-incremental-dom": "2.16.5"
      }
    },
    "metal-state": {
      "version": "2.13.2",
      "resolved": "https://registry.npmjs.org/metal-state/-/metal-state-2.13.2.tgz",
      "integrity": "sha512-zHbcEBkJGpfZZP2eOdeBeLUzpcBv24/Wt+Van/yd1o2FnCk5COVkAXAOwYWJT97T4Xle2G9+c2hPFYcIxRFM1w==",
      "dev": true,
      "requires": {
        "metal": "2.13.2",
        "metal-events": "2.13.2"
      }
    },
    "metal-structs": {
      "version": "1.0.1",
      "resolved": "https://registry.npmjs.org/metal-structs/-/metal-structs-1.0.1.tgz",
      "integrity": "sha1-VIJy9xjunXKeMHm3Sj8SVBQ9t1s=",
      "dev": true,
      "requires": {
        "metal": "2.13.2"
      }
    },
    "metal-tabs": {
      "version": "2.3.1",
      "resolved": "https://registry.npmjs.org/metal-tabs/-/metal-tabs-2.3.1.tgz",
      "integrity": "sha512-xqt/bjzFt7ERsFwk39aaYeZBYcr5MEweXsiKHrloIXOtes8rG1rBEs0yrTjABXGDOa+EAMUERjpp7qyLBbvShQ==",
      "dev": true,
      "requires": {
        "metal-component": "2.16.5",
        "metal-keyboard-focus": "2.0.1",
        "metal-soy": "2.16.5"
      }
    },
    "metal-toggler": {
      "version": "2.2.0",
      "resolved": "https://registry.npmjs.org/metal-toggler/-/metal-toggler-2.2.0.tgz",
      "integrity": "sha1-svpGs/S8PQVOYWMM4+SItR+Dn5U=",
      "dev": true,
      "requires": {
        "bootstrap": "3.3.7",
        "metal": "2.13.2",
        "metal-dom": "2.13.2",
        "metal-events": "2.13.2",
        "metal-state": "2.13.2"
      }
    },
    "metal-tooltip": {
      "version": "2.0.3",
      "resolved": "https://registry.npmjs.org/metal-tooltip/-/metal-tooltip-2.0.3.tgz",
      "integrity": "sha1-FNJvszhgyB4A+DaWe0ivtdkQh1M=",
      "dev": true,
      "requires": {
        "bootstrap": "3.3.7",
        "metal": "2.13.2",
        "metal-component": "2.16.5",
        "metal-dom": "2.13.2",
        "metal-events": "2.13.2",
        "metal-position": "2.1.1",
        "metal-soy": "2.16.5"
      }
    },
    "metal-uri": {
      "version": "2.4.0",
      "resolved": "https://registry.npmjs.org/metal-uri/-/metal-uri-2.4.0.tgz",
      "integrity": "sha512-Fm2cYA8yKhK3Fz4rgajtYagqzYWrdsRTSnG2x6BAaMrQlmKB0s4gEdaxSlZ29XMlaur86D1DtTr9V1Pi0dDMjQ==",
      "dev": true,
      "requires": {
        "metal": "2.13.2",
        "metal-structs": "1.0.1",
        "path-browserify": "0.0.0",
        "url": "0.11.0"
      }
    },
    "normalize.css": {
      "version": "5.0.0",
      "resolved": "https://registry.npmjs.org/normalize.css/-/normalize.css-5.0.0.tgz",
      "integrity": "sha1-fOyHXOgXilMzxN6Ato6pwYudfDc="
    },
    "path-browserify": {
      "version": "0.0.0",
      "resolved": "https://registry.npmjs.org/path-browserify/-/path-browserify-0.0.0.tgz",
      "integrity": "sha1-oLhwcpquIUAFt9UDLsLLuw+0RRo=",
      "dev": true
    },
    "punycode": {
      "version": "1.3.2",
      "resolved": "https://registry.npmjs.org/punycode/-/punycode-1.3.2.tgz",
      "integrity": "sha1-llOgNvt8HuQjQvIyXM7v6jkmxI0=",
      "dev": true
    },
    "querystring": {
      "version": "0.2.0",
      "resolved": "https://registry.npmjs.org/querystring/-/querystring-0.2.0.tgz",
      "integrity": "sha1-sgmEkgO7Jd+CDadW50cAWHhSFiA=",
      "dev": true
    },
    "select": {
      "version": "1.1.2",
      "resolved": "https://registry.npmjs.org/select/-/select-1.1.2.tgz",
      "integrity": "sha1-DnNQrN7ICxEIUoeG7B1EGNEbOW0="
    },
    "tiny-emitter": {
      "version": "2.0.2",
      "resolved": "https://registry.npmjs.org/tiny-emitter/-/tiny-emitter-2.0.2.tgz",
      "integrity": "sha512-2NM0auVBGft5tee/OxP4PI3d8WItkDM+fPnaRAVo6xTDI2knbz9eC5ArWGqtGlYqiH3RU5yMpdyTTO7MguC4ow=="
    },
    "url": {
      "version": "0.11.0",
      "resolved": "https://registry.npmjs.org/url/-/url-0.11.0.tgz",
      "integrity": "sha1-ODjpfPxgUh63PFJajlW/3Z4uKPE=",
      "dev": true,
      "requires": {
        "punycode": "1.3.2",
        "querystring": "0.2.0"
      }
    }
  }
}
